
Microsoft Visual Studio Solution File, Format Version 12.00
# Visual Studio Version 17
VisualStudioVersion = 17.9.34622.214
MinimumVisualStudioVersion = 10.0.40219.1
Project("{FAE04EC0-301F-11D3-BF4B-00C04F79EFBC}") = "Desafio Target", "Desafio Target.csproj", "{499C509B-D0E8-4EF4-99C0-41A2BB20E775}"
EndProject
Global
	GlobalSection(SolutionConfigurationPlatforms) = preSolution
		Debug|Any CPU = Debug|Any CPU
		Release|Any CPU = Release|Any CPU
	EndGlobalSection
	GlobalSection(ProjectConfigurationPlatforms) = postSolution
		{499C509B-D0E8-4EF4-99C0-41A2BB20E775}.Debug|Any CPU.ActiveCfg = Debug|Any CPU
		{499C509B-D0E8-4EF4-99C0-41A2BB20E775}.Debug|Any CPU.Build.0 = Debug|Any CPU
		{499C509B-D0E8-4EF4-99C0-41A2BB20E775}.Release|Any CPU.ActiveCfg = Release|Any CPU
		{499C509B-D0E8-4EF4-99C0-41A2BB20E775}.Release|Any CPU.Build.0 = Release|Any CPU
	EndGlobalSection
	GlobalSection(SolutionProperties) = preSolution
		HideSolutionNode = FALSE
	EndGlobalSection
	GlobalSection(ExtensibilityGlobals) = postSolution
		SolutionGuid = {24A7D385-FC9F-4A09-B61C-2183E81EE50E}
	EndGlobalSection
EndGlobal
